
Microsoft Visual Studio Solution File, Format Version 12.00
# Visual Studio Version 17
VisualStudioVersion = 17.14.36310.24
MinimumVisualStudioVersion = 10.0.40219.1
Project("{FAE04EC0-301F-11D3-BF4B-00C04F79EFBC}") = "ProtoCord Monitor", "ProtoCord Monitor.csproj", "{CAA347AB-5F9D-4730-A384-749D9B9DD79D}"
EndProject
Project("{FAE04EC0-301F-11D3-BF4B-00C04F79EFBC}") = "config", "..\config\config.csproj", "{B8418DC2-2D02-4CD8-9BEF-EF1318997C5F}"
EndProject
Project("{FAE04EC0-301F-11D3-BF4B-00C04F79EFBC}") = "CriptoHelper", "..\CriptoHelper\CriptoHelper.csproj", "{9040AC74-DDB6-40BD-9B60-D10613A71257}"
EndProject
Global
	GlobalSection(SolutionConfigurationPlatforms) = preSolution
		Debug|Any CPU = Debug|Any CPU
		Release|Any CPU = Release|Any CPU
	EndGlobalSection
	GlobalSection(ProjectConfigurationPlatforms) = postSolution
		{CAA347AB-5F9D-4730-A384-749D9B9DD79D}.Debug|Any CPU.ActiveCfg = Debug|Any CPU
		{CAA347AB-5F9D-4730-A384-749D9B9DD79D}.Debug|Any CPU.Build.0 = Debug|Any CPU
		{CAA347AB-5F9D-4730-A384-749D9B9DD79D}.Release|Any CPU.ActiveCfg = Release|Any CPU
		{CAA347AB-5F9D-4730-A384-749D9B9DD79D}.Release|Any CPU.Build.0 = Release|Any CPU
		{B8418DC2-2D02-4CD8-9BEF-EF1318997C5F}.Debug|Any CPU.ActiveCfg = Debug|Any CPU
		{B8418DC2-2D02-4CD8-9BEF-EF1318997C5F}.Debug|Any CPU.Build.0 = Debug|Any CPU
		{B8418DC2-2D02-4CD8-9BEF-EF1318997C5F}.Release|Any CPU.ActiveCfg = Release|Any CPU
		{B8418DC2-2D02-4CD8-9BEF-EF1318997C5F}.Release|Any CPU.Build.0 = Release|Any CPU
		{9040AC74-DDB6-40BD-9B60-D10613A71257}.Debug|Any CPU.ActiveCfg = Debug|Any CPU
		{9040AC74-DDB6-40BD-9B60-D10613A71257}.Debug|Any CPU.Build.0 = Debug|Any CPU
		{9040AC74-DDB6-40BD-9B60-D10613A71257}.Release|Any CPU.ActiveCfg = Release|Any CPU
		{9040AC74-DDB6-40BD-9B60-D10613A71257}.Release|Any CPU.Build.0 = Release|Any CPU
	EndGlobalSection
	GlobalSection(SolutionProperties) = preSolution
		HideSolutionNode = FALSE
	EndGlobalSection
	GlobalSection(ExtensibilityGlobals) = postSolution
		SolutionGuid = {4EF9A7BB-11EF-4179-B445-584F96988B5D}
	EndGlobalSection
EndGlobal
